// !$*UTF8*$!
{
	archiveVersion = 1;
	classes = {
	};
	objectVersion = 50;
	objects = {

/* Begin PBXBuildFile section */
		A2A84231238AE42200AEBF83 /* AppDelegate.swift in Sources */ = {isa = PBXBuildFile; fileRef = A2A84230238AE42200AEBF83 /* AppDelegate.swift */; };
		A2A84233238AE42200AEBF83 /* SceneDelegate.swift in Sources */ = {isa = PBXBuildFile; fileRef = A2A84232238AE42200AEBF83 /* SceneDelegate.swift */; };
		A2A84235238AE42200AEBF83 /* ContentView.swift in Sources */ = {isa = PBXBuildFile; fileRef = A2A84234238AE42200AEBF83 /* ContentView.swift */; };
		A2A84237238AE42800AEBF83 /* Assets.xcassets in Resources */ = {isa = PBXBuildFile; fileRef = A2A84236238AE42800AEBF83 /* Assets.xcassets */; };
		A2A8423A238AE42800AEBF83 /* Preview Assets.xcassets in Resources */ = {isa = PBXBuildFile; fileRef = A2A84239238AE42800AEBF83 /* Preview Assets.xcassets */; };
		A2A8423D238AE42800AEBF83 /* LaunchScreen.storyboard in Resources */ = {isa = PBXBuildFile; fileRef = A2A8423B238AE42800AEBF83 /* LaunchScreen.storyboard */; };
		A2DA4CED23B3648500B7D787 /* TabBar.swift in Sources */ = {isa = PBXBuildFile; fileRef = A2DA4CEC23B3648500B7D787 /* TabBar.swift */; };
		A2DA694F23A80C8D004A4ADB /* BlurView.swift in Sources */ = {isa = PBXBuildFile; fileRef = A2DA694E23A80C8D004A4ADB /* BlurView.swift */; };
		A2DA695123ABF251004A4ADB /* UpdateList.swift in Sources */ = {isa = PBXBuildFile; fileRef = A2DA695023ABF251004A4ADB /* UpdateList.swift */; };
		A2DA695323ABF8AC004A4ADB /* UpdateDetail.swift in Sources */ = {isa = PBXBuildFile; fileRef = A2DA695223ABF8AC004A4ADB /* UpdateDetail.swift */; };
		A2DA695523AF6816004A4ADB /* UpdateStore.swift in Sources */ = {isa = PBXBuildFile; fileRef = A2DA695423AF6816004A4ADB /* UpdateStore.swift */; };
		A2DB90C3239854640023D772 /* Home.swift in Sources */ = {isa = PBXBuildFile; fileRef = A2DB90C2239854640023D772 /* Home.swift */; };
		A2DB90C5239EEFDA0023D772 /* HomeList.swift in Sources */ = {isa = PBXBuildFile; fileRef = A2DB90C4239EEFDA0023D772 /* HomeList.swift */; };
/* End PBXBuildFile section */

/* Begin PBXFileReference section */
		A2A8422D238AE42200AEBF83 /* DesignCode.app */ = {isa = PBXFileReference; explicitFileType = wrapper.application; includeInIndex = 0; path = DesignCode.app; sourceTree = BUILT_PRODUCTS_DIR; };
		A2A84230238AE42200AEBF83 /* AppDelegate.swift */ = {isa = PBXFileReference; lastKnownFileType = sourcecode.swift; path = AppDelegate.swift; sourceTree = "<group>"; };
		A2A84232238AE42200AEBF83 /* SceneDelegate.swift */ = {isa = PBXFileReference; lastKnownFileType = sourcecode.swift; path = SceneDelegate.swift; sourceTree = "<group>"; };
		A2A84234238AE42200AEBF83 /* ContentView.swift */ = {isa = PBXFileReference; lastKnownFileType = sourcecode.swift; path = ContentView.swift; sourceTree = "<group>"; };
		A2A84236238AE42800AEBF83 /* Assets.xcassets */ = {isa = PBXFileReference; lastKnownFileType = folder.assetcatalog; path = Assets.xcassets; sourceTree = "<group>"; };
		A2A84239238AE42800AEBF83 /* Preview Assets.xcassets */ = {isa = PBXFileReference; lastKnownFileType = folder.assetcatalog; path = "Preview Assets.xcassets"; sourceTree = "<group>"; };
		A2A8423C238AE42800AEBF83 /* Base */ = {isa = PBXFileReference; lastKnownFileType = file.storyboard; name = Base; path = Base.lproj/LaunchScreen.storyboard; sourceTree = "<group>"; };
		A2A8423E238AE42800AEBF83 /* Info.plist */ = {isa = PBXFileReference; lastKnownFileType = text.plist.xml; path = Info.plist; sourceTree = "<group>"; };
		A2DA4CEC23B3648500B7D787 /* TabBar.swift */ = {isa = PBXFileReference; lastKnownFileType = sourcecode.swift; path = TabBar.swift; sourceTree = "<group>"; };
		A2DA694E23A80C8D004A4ADB /* BlurView.swift */ = {isa = PBXFileReference; lastKnownFileType = sourcecode.swift; path = BlurView.swift; sourceTree = "<group>"; };
		A2DA695023ABF251004A4ADB /* UpdateList.swift */ = {isa = PBXFileReference; lastKnownFileType = sourcecode.swift; path = UpdateList.swift; sourceTree = "<group>"; };
		A2DA695223ABF8AC004A4ADB /* UpdateDetail.swift */ = {isa = PBXFileReference; lastKnownFileType = sourcecode.swift; path = UpdateDetail.swift; sourceTree = "<group>"; };
		A2DA695423AF6816004A4ADB /* UpdateStore.swift */ = {isa = PBXFileReference; lastKnownFileType = sourcecode.swift; path = UpdateStore.swift; sourceTree = "<group>"; };
		A2DB90C2239854640023D772 /* Home.swift */ = {isa = PBXFileReference; lastKnownFileType = sourcecode.swift; path = Home.swift; sourceTree = "<group>"; };
		A2DB90C4239EEFDA0023D772 /* HomeList.swift */ = {isa = PBXFileReference; lastKnownFileType = sourcecode.swift; path = HomeList.swift; sourceTree = "<group>"; };
/* End PBXFileReference section */

/* Begin PBXFrameworksBuildPhase section */
		A2A8422A238AE42200AEBF83 /* Frameworks */ = {
			isa = PBXFrameworksBuildPhase;
			buildActionMask = 2147483647;
			files = (
			);
			runOnlyForDeploymentPostprocessing = 0;
		};
/* End PBXFrameworksBuildPhase section */

/* Begin PBXGroup section */
		A2A84224238AE42200AEBF83 = {
			isa = PBXGroup;
			children = (
				A2A8422F238AE42200AEBF83 /* DesignCode */,
				A2A8422E238AE42200AEBF83 /* Products */,
			);
			sourceTree = "<group>";
		};
		A2A8422E238AE42200AEBF83 /* Products */ = {
			isa = PBXGroup;
			children = (
				A2A8422D238AE42200AEBF83 /* DesignCode.app */,
			);
			name = Products;
			sourceTree = "<group>";
		};
		A2A8422F238AE42200AEBF83 /* DesignCode */ = {
			isa = PBXGroup;
			children = (
				A2A84230238AE42200AEBF83 /* AppDelegate.swift */,
				A2A84232238AE42200AEBF83 /* SceneDelegate.swift */,
				A2DA4CEC23B3648500B7D787 /* TabBar.swift */,
				A2DA694E23A80C8D004A4ADB /* BlurView.swift */,
				A2A84234238AE42200AEBF83 /* ContentView.swift */,
				A2DB90C2239854640023D772 /* Home.swift */,
				A2DB90C4239EEFDA0023D772 /* HomeList.swift */,
				A2DA695023ABF251004A4ADB /* UpdateList.swift */,
				A2DA695223ABF8AC004A4ADB /* UpdateDetail.swift */,
				A2DA695423AF6816004A4ADB /* UpdateStore.swift */,
				A2A84236238AE42800AEBF83 /* Assets.xcassets */,
				A2A8423B238AE42800AEBF83 /* LaunchScreen.storyboard */,
				A2A8423E238AE42800AEBF83 /* Info.plist */,
				A2A84238238AE42800AEBF83 /* Preview Content */,
			);
			path = DesignCode;
			sourceTree = "<group>";
		};
		A2A84238238AE42800AEBF83 /* Preview Content */ = {
			isa = PBXGroup;
			children = (
				A2A84239238AE42800AEBF83 /* Preview Assets.xcassets */,
			);
			path = "Preview Content";
			sourceTree = "<group>";
		};
/* End PBXGroup section */

/* Begin PBXNativeTarget section */
		A2A8422C238AE42200AEBF83 /* DesignCode */ = {
			isa = PBXNativeTarget;
			buildConfigurationList = A2A84241238AE42800AEBF83 /* Build configuration list for PBXNativeTarget "DesignCode" */;
			buildPhases = (
				A2A84229238AE42200AEBF83 /* Sources */,
				A2A8422A238AE42200AEBF83 /* Frameworks */,
				A2A8422B238AE42200AEBF83 /* Resources */,
			);
			buildRules = (
			);
			dependencies = (
			);
			name = DesignCode;
			productName = DesignCode;
			productReference = A2A8422D238AE42200AEBF83 /* DesignCode.app */;
			productType = "com.apple.product-type.application";
		};
/* End PBXNativeTarget section */

/* Begin PBXProject section */
		A2A84225238AE42200AEBF83 /* Project object */ = {
			isa = PBXProject;
			attributes = {
				LastSwiftUpdateCheck = 1120;
				LastUpgradeCheck = 1120;
				ORGANIZATIONNAME = "Ralitsa Petrina";
				TargetAttributes = {
					A2A8422C238AE42200AEBF83 = {
						CreatedOnToolsVersion = 11.2.1;
					};
				};
			};
			buildConfigurationList = A2A84228238AE42200AEBF83 /* Build configuration list for PBXProject "DesignCode" */;
			compatibilityVersion = "Xcode 9.3";
			developmentRegion = en;
			hasScannedForEncodings = 0;
			knownRegions = (
				en,
				Base,
			);
			mainGroup = A2A84224238AE42200AEBF83;
			productRefGroup = A2A8422E238AE42200AEBF83 /* Products */;
			projectDirPath = "";
			projectRoot = "";
			targets = (
				A2A8422C238AE42200AEBF83 /* DesignCode */,
			);
		};
/* End PBXProject section */

/* Begin PBXResourcesBuildPhase section */
		A2A8422B238AE42200AEBF83 /* Resources */ = {
			isa = PBXResourcesBuildPhase;
			buildActionMask = 2147483647;
			files = (
				A2A8423D238AE42800AEBF83 /* LaunchScreen.storyboard in Resources */,
				A2A8423A238AE42800AEBF83 /* Preview Assets.xcassets in Resources */,
				A2A84237238AE42800AEBF83 /* Assets.xcassets in Resources */,
			);
			runOnlyForDeploymentPostprocessing = 0;
		};
/* End PBXResourcesBuildPhase section */

/* Begin PBXSourcesBuildPhase section */
		A2A84229238AE42200AEBF83 /* Sources */ = {
			isa = PBXSourcesBuildPhase;
			buildActionMask = 2147483647;
			files = (
				A2A84231238AE42200AEBF83 /* AppDelegate.swift in Sources */,
				A2DA695523AF6816004A4ADB /* UpdateStore.swift in Sources */,
				A2DA695123ABF251004A4ADB /* UpdateList.swift in Sources */,
				A2DB90C5239EEFDA0023D772 /* HomeList.swift in Sources */,
				A2DA695323ABF8AC004A4ADB /* UpdateDetail.swift in Sources */,
				A2A84233238AE42200AEBF83 /* SceneDelegate.swift in Sources */,
				A2DB90C3239854640023D772 /* Home.swift in Sources */,
				A2A84235238AE42200AEBF83 /* ContentView.swift in Sources */,
				A2DA694F23A80C8D004A4ADB /* BlurView.swift in Sources */,
				A2DA4CED23B3648500B7D787 /* TabBar.swift in Sources */,
			);
			runOnlyForDeploymentPostprocessing = 0;
		};
/* End PBXSourcesBuildPhase section */

/* Begin PBXVariantGroup section */
		A2A8423B238AE42800AEBF83 /* LaunchScreen.storyboard */ = {
			isa = PBXVariantGroup;
			children = (
				A2A8423C238AE42800AEBF83 /* Base */,
			);
			name = LaunchScreen.storyboard;
			sourceTree = "<group>";
		};
/* End PBXVariantGroup section */

/* Begin XCBuildConfiguration section */
		A2A8423F238AE42800AEBF83 /* Debug */ = {
			isa = XCBuildConfiguration;
			buildSettings = {
				ALWAYS_SEARCH_USER_PATHS = NO;
				CLANG_ANALYZER_NONNULL = YES;
				CLANG_ANALYZER_NUMBER_OBJECT_CONVERSION = YES_AGGRESSIVE;
				CLANG_CXX_LANGUAGE_STANDARD = "gnu++14";
				CLANG_CXX_LIBRARY = "libc++";
				CLANG_ENABLE_MODULES = YES;
				CLANG_ENABLE_OBJC_ARC = YES;
				CLANG_ENABLE_OBJC_WEAK = YES;
				CLANG_WARN_BLOCK_CAPTURE_AUTORELEASING = YES;
				CLANG_WARN_BOOL_CONVERSION = YES;
				CLANG_WARN_COMMA = YES;
				CLANG_WARN_CONSTANT_CONVERSION = YES;
				CLANG_WARN_DEPRECATED_OBJC_IMPLEMENTATIONS = YES;
				CLANG_WARN_DIRECT_OBJC_ISA_USAGE = YES_ERROR;
				CLANG_WARN_DOCUMENTATION_COMMENTS = YES;
				CLANG_WARN_EMPTY_BODY = YES;
				CLANG_WARN_ENUM_CONVERSION = YES;
				CLANG_WARN_INFINITE_RECURSION = YES;
				CLANG_WARN_INT_CONVERSION = YES;
				CLANG_WARN_NON_LITERAL_NULL_CONVERSION = YES;
				CLANG_WARN_OBJC_IMPLICIT_RETAIN_SELF = YES;
				CLANG_WARN_OBJC_LITERAL_CONVERSION = YES;
				CLANG_WARN_OBJC_ROOT_CLASS = YES_ERROR;
				CLANG_WARN_RANGE_LOOP_ANALYSIS = YES;
				CLANG_WARN_STRICT_PROTOTYPES = YES;
				CLANG_WARN_SUSPICIOUS_MOVE = YES;
				CLANG_WARN_UNGUARDED_AVAILABILITY = YES_AGGRESSIVE;
				CLANG_WARN_UNREACHABLE_CODE = YES;
				CLANG_WARN__DUPLICATE_METHOD_MATCH = YES;
				COPY_PHASE_STRIP = NO;
				DEBUG_INFORMATION_FORMAT = dwarf;
				ENABLE_STRICT_OBJC_MSGSEND = YES;
				ENABLE_TESTABILITY = YES;
				GCC_C_LANGUAGE_STANDARD = gnu11;
				GCC_DYNAMIC_NO_PIC = NO;
				GCC_NO_COMMON_BLOCKS = YES;
				GCC_OPTIMIZATION_LEVEL = 0;
				GCC_PREPROCESSOR_DEFINITIONS = (
					"DEBUG=1",
					"$(inherited)",
				);
				GCC_WARN_64_TO_32_BIT_CONVERSION = YES;
				GCC_WARN_ABOUT_RETURN_TYPE = YES_ERROR;
				GCC_WARN_UNDECLARED_SELECTOR = YES;
				GCC_WARN_UNINITIALIZED_AUTOS = YES_AGGRESSIVE;
				GCC_WARN_UNUSED_FUNCTION = YES;
				GCC_WARN_UNUSED_VARIABLE = YES;
				IPHONEOS_DEPLOYMENT_TARGET = 13.2;
				MTL_ENABLE_DEBUG_INFO = INCLUDE_SOURCE;
				MTL_FAST_MATH = YES;
				ONLY_ACTIVE_ARCH = YES;
				SDKROOT = iphoneos;
				SWIFT_ACTIVE_COMPILATION_CONDITIONS = DEBUG;
				SWIFT_OPTIMIZATION_LEVEL = "-Onone";
			};
			name = Debug;
		};
		A2A84240238AE42800AEBF83 /* Release */ = {
			isa = XCBuildConfiguration;
			buildSettings = {
				ALWAYS_SEARCH_USER_PATHS = NO;
				CLANG_ANALYZER_NONNULL = YES;
				CLANG_ANALYZER_NUMBER_OBJECT_CONVERSION = YES_AGGRESSIVE;
				CLANG_CXX_LANGUAGE_STANDARD = "gnu++14";
				CLANG_CXX_LIBRARY = "libc++";
				CLANG_ENABLE_MODULES = YES;
				CLANG_ENABLE_OBJC_ARC = YES;
				CLANG_ENABLE_OBJC_WEAK = YES;
				CLANG_WARN_BLOCK_CAPTURE_AUTORELEASING = YES;
				CLANG_WARN_BOOL_CONVERSION = YES;
				CLANG_WARN_COMMA = YES;
				CLANG_WARN_CONSTANT_CONVERSION = YES;
				CLANG_WARN_DEPRECATED_OBJC_IMPLEMENTATIONS = YES;
				CLANG_WARN_DIRECT_OBJC_ISA_USAGE = YES_ERROR;
				CLANG_WARN_DOCUMENTATION_COMMENTS = YES;
				CLANG_WARN_EMPTY_BODY = YES;
				CLANG_WARN_ENUM_CONVERSION = YES;
				CLANG_WARN_INFINITE_RECURSION = YES;
				CLANG_WARN_INT_CONVERSION = YES;
				CLANG_WARN_NON_LITERAL_NULL_CONVERSION = YES;
				CLANG_WARN_OBJC_IMPLICIT_RETAIN_SELF = YES;
				CLANG_WARN_OBJC_LITERAL_CONVERSION = YES;
				CLANG_WARN_OBJC_ROOT_CLASS = YES_ERROR;
				CLANG_WARN_RANGE_LOOP_ANALYSIS = YES;
				CLANG_WARN_STRICT_PROTOTYPES = YES;
				CLANG_WARN_SUSPICIOUS_MOVE = YES;
				CLANG_WARN_UNGUARDED_AVAILABILITY = YES_AGGRESSIVE;
				CLANG_WARN_UNREACHABLE_CODE = YES;
				CLANG_WARN__DUPLICATE_METHOD_MATCH = YES;
				COPY_PHASE_STRIP = NO;
				DEBUG_INFORMATION_FORMAT = "dwarf-with-dsym";
				ENABLE_NS_ASSERTIONS = NO;
				ENABLE_STRICT_OBJC_MSGSEND = YES;
				GCC_C_LANGUAGE_STANDARD = gnu11;
				GCC_NO_COMMON_BLOCKS = YES;
				GCC_WARN_64_TO_32_BIT_CONVERSION = YES;
				GCC_WARN_ABOUT_RETURN_TYPE = YES_ERROR;
				GCC_WARN_UNDECLARED_SELECTOR = YES;
				GCC_WARN_UNINITIALIZED_AUTOS = YES_AGGRESSIVE;
				GCC_WARN_UNUSED_FUNCTION = YES;
				GCC_WARN_UNUSED_VARIABLE = YES;
				IPHONEOS_DEPLOYMENT_TARGET = 13.2;
				MTL_ENABLE_DEBUG_INFO = NO;
				MTL_FAST_MATH = YES;
				SDKROOT = iphoneos;
				SWIFT_COMPILATION_MODE = wholemodule;
				SWIFT_OPTIMIZATION_LEVEL = "-O";
				VALIDATE_PRODUCT = YES;
			};
			name = Release;
		};
		A2A84242238AE42800AEBF83 /* Debug */ = {
			isa = XCBuildConfiguration;
			buildSettings = {
				ASSETCATALOG_COMPILER_APPICON_NAME = AppIcon;
				CODE_SIGN_STYLE = Automatic;
				DEVELOPMENT_ASSET_PATHS = "\"DesignCode/Preview Content\"";
				DEVELOPMENT_TEAM = Z23P68FL2M;
				ENABLE_PREVIEWS = YES;
				INFOPLIST_FILE = DesignCode/Info.plist;
				IPHONEOS_DEPLOYMENT_TARGET = 13.2;
				LD_RUNPATH_SEARCH_PATHS = (
					"$(inherited)",
					"@executable_path/Frameworks",
				);
				PRODUCT_BUNDLE_IDENTIFIER = com.petrina.DesignCode;
				PRODUCT_NAME = "$(TARGET_NAME)";
				SWIFT_VERSION = 5.0;
				TARGETED_DEVICE_FAMILY = "1,2";
			};
			name = Debug;
		};
		A2A84243238AE42800AEBF83 /* Release */ = {
			isa = XCBuildConfiguration;
			buildSettings = {
				ASSETCATALOG_COMPILER_APPICON_NAME = AppIcon;
				CODE_SIGN_STYLE = Automatic;
				DEVELOPMENT_ASSET_PATHS = "\"DesignCode/Preview Content\"";
				DEVELOPMENT_TEAM = Z23P68FL2M;
				ENABLE_PREVIEWS = YES;
				INFOPLIST_FILE = DesignCode/Info.plist;
				IPHONEOS_DEPLOYMENT_TARGET = 13.2;
				LD_RUNPATH_SEARCH_PATHS = (
					"$(inherited)",
					"@executable_path/Frameworks",
				);
				PRODUCT_BUNDLE_IDENTIFIER = com.petrina.DesignCode;
				PRODUCT_NAME = "$(TARGET_NAME)";
				SWIFT_VERSION = 5.0;
				TARGETED_DEVICE_FAMILY = "1,2";
			};
			name = Release;
		};
/* End XCBuildConfiguration section */

/* Begin XCConfigurationList section */
		A2A84228238AE42200AEBF83 /* Build configuration list for PBXProject "DesignCode" */ = {
			isa = XCConfigurationList;
			buildConfigurations = (
				A2A8423F238AE42800AEBF83 /* Debug */,
				A2A84240238AE42800AEBF83 /* Release */,
			);
			defaultConfigurationIsVisible = 0;
			defaultConfigurationName = Release;
		};
		A2A84241238AE42800AEBF83 /* Build configuration list for PBXNativeTarget "DesignCode" */ = {
			isa = XCConfigurationList;
			buildConfigurations = (
				A2A84242238AE42800AEBF83 /* Debug */,
				A2A84243238AE42800AEBF83 /* Release */,
			);
			defaultConfigurationIsVisible = 0;
			defaultConfigurationName = Release;
		};
/* End XCConfigurationList section */
	};
	rootObject = A2A84225238AE42200AEBF83 /* Project object */;
}
